<?xml version="1.0" encoding="UTF-8" standalone="yes" ?>
<CodeBlocks_project_file>
	<FileVersion major="1" minor="6" />
	<Project>
		<Option title="SLUDGE Engine" />
		<Option pch_mode="2" />
		<Option compiler="gcc" />
		<Build>
			<Target title="Debug">
				<Option output="bin/Debug/SLUDGE Engine" prefix_auto="1" extension_auto="1" />
				<Option object_output="obj/Debug/" />
				<Option type="1" />
				<Option compiler="gcc" />
				<Compiler>
					<Add option="-g" />
					<Add directory="../../../Glee" />
					<Add directory="../../source/CommonCode" />
				</Compiler>
			</Target>
			<Target title="Release">
				<Option output="bin/Release/SLUDGE Engine" prefix_auto="1" extension_auto="1" />
				<Option object_output="obj/Release/" />
				<Option type="0" />
				<Option compiler="gcc" />
				<Compiler>
					<Add option="-O2" />
					<Add directory="../../source/CommonCode" />
				</Compiler>
				<Linker>
					<Add option="-s" />
				</Linker>
			</Target>
		</Build>
		<Compiler>
			<Add option="-Wall" />
			<Add option="-Wno-sign-compare" />
			<Add option="-DUNICODE" />
			<Add option="-D_UNICODE" />
			<Add directory="../../SDL/include" />
			<Add directory="../../Bass/c" />
			<Add directory="../../source/CommonCode" />
			<Add directory="../../../../../Software/OpenAL/include" />
			<Add directory="../../../../../Software/GnuWin32/include" />
			<Add directory="../../libvpx-v0.9.6" />
			<Add directory="../../libvorbis/include" />
			<Add directory="../../libogg/include" />
			<Add directory="../../GLee/include/GL" />
			<Add directory="../../GLee/include" />
			<Add directory="../../alure/include" />
		</Compiler>
		<Linker>
			<Add library="gdi32" />
			<Add library="user32" />
			<Add library="kernel32" />
			<Add library="comdlg32" />
			<Add library="SHfolder" />
			<Add library="..\..\..\..\..\Software\GnuWin32\lib\libpng.dll.a" />
			<Add library="..\..\..\..\..\Software\GnuWin32\lib\libz.a" />
			<Add library="..\..\SDL\lib\libSDL.dll.a" />
			<Add library="..\..\..\..\..\Software\GnuWin32\lib\libiconv.dll.a" />
			<Add library="libopengl32.a" />
			<Add library="libglu32.a" />
			<Add library="..\..\..\..\..\..\Programy\MSYS\home\Pawel\openal-soft-1.16.0\OpenAL32.lib" />
			<Add library="..\..\alure\libALURE32.dll.a" />
			<Add library="..\..\libvpx-v0.9.6\libvpx.a" />
			<Add library="..\..\libvorbis\libvorbis.a" />
			<Add library="..\..\libogg\libogg.a" />
			<Add library="..\..\libvorbis\libvorbisfile.a" />
			<Add library="..\..\..\..\..\Software\GnuWin32\lib\libiconv.a" />
			<Add library="..\..\SDL\lib\libSDLmain.a" />
			<Add library="..\..\..\..\..\Software\GnuWin32\lib\libz.dll.a" />
			<Add library="..\..\..\..\..\Software\GnuWin32\lib\libpng.lib" />
			<Add library="..\..\libogg\libogg.dll.a" />
			<Add library="..\..\libvorbis\libvorbis.dll.a" />
			<Add library="..\..\libvorbis\libvorbisfile.dll.a" />
			<Add library="..\..\alure\libALURE32-static.a" />
			<Add library="..\..\flac\src\libFLAC\.libs\libFLAC.a" />
			<Add library="..\..\flac\src\libFLAC\.libs\libFLAC.dll.a" />
			<Add library="..\..\flac\src\libFLAC\.libs\libFLAC-static.a" />
			<Add library="..\..\..\..\..\..\Programy\MSYS\home\Pawel\openal-soft-1.16.0\common.lib" />
		</Linker>
		<ExtraCommands>
			<Add before="$(CMD_RM) $(TARGET_OBJECT_DIR)source\engine\debug.o" />
			<Add after="$(CMD_CP) ..\..\source\Engine\*.vert $(TARGET_OUTPUT_DIR)" />
			<Add after="$(CMD_CP) ..\..\source\Engine\*.frag $(TARGET_OUTPUT_DIR)" />
		</ExtraCommands>
		<Unit filename="../../GLee/DATA/output/GLee.c">
			<Option compilerVar="CC" />
		</Unit>
		<Unit filename="../../GLee/include/GL/GLee.h" />
		<Unit filename="../../images/SLUDGE.RC">
			<Option compilerVar="WINDRES" />
		</Unit>
		<Unit filename="../../images/resource.h" />
		<Unit filename="../../libvorbis-1.2.3/include/vorbis/codec.h" />
		<Unit filename="../../libvorbis-1.2.3/include/vorbis/vorbisfile.h" />
		<Unit filename="../../openal/include/AL/alure.h" />
		<Unit filename="../../source/CommonCode/functionList.h" />
		<Unit filename="../../source/CommonCode/specialSettings.h" />
		<Unit filename="../../source/CommonCode/tga.cpp" />
		<Unit filename="../../source/CommonCode/tga.h" />
		<Unit filename="../../source/CommonCode/utf8.cpp" />
		<Unit filename="../../source/CommonCode/version.h" />
		<Unit filename="../../source/Engine/Sprites_AA.h" />
		<Unit filename="../../source/Engine/allfiles.h" />
		<Unit filename="../../source/Engine/backdrop.cpp" />
		<Unit filename="../../source/Engine/backdrop.h" />
		<Unit filename="../../source/Engine/bg_effects.cpp" />
		<Unit filename="../../source/Engine/bg_effects.h" />
		<Unit filename="../../source/Engine/builtin.cpp" />
		<Unit filename="../../source/Engine/builtin.h" />
		<Unit filename="../../source/Engine/colours.h" />
		<Unit filename="../../source/Engine/csludge.h" />
		<Unit filename="../../source/Engine/cursors.cpp" />
		<Unit filename="../../source/Engine/cursors.h" />
		<Unit filename="../../source/Engine/debug.cpp" />
		<Unit filename="../../source/Engine/debug.h" />
		<Unit filename="../../source/Engine/errors.h" />
		<Unit filename="../../source/Engine/fileset.cpp" />
		<Unit filename="../../source/Engine/fileset.h" />
		<Unit filename="../../source/Engine/floor.cpp" />
		<Unit filename="../../source/Engine/floor.h" />
		<Unit filename="../../source/Engine/fonttext.cpp" />
		<Unit filename="../../source/Engine/fonttext.h" />
		<Unit filename="../../source/Engine/freeze.cpp" />
		<Unit filename="../../source/Engine/freeze.h" />
		<Unit filename="../../source/Engine/graphics.cpp" />
		<Unit filename="../../source/Engine/graphics.h" />
		<Unit filename="../../source/Engine/helpers.cpp" />
		<Unit filename="../../source/Engine/helpers.h" />
		<Unit filename="../../source/Engine/language.cpp" />
		<Unit filename="../../source/Engine/language.h" />
		<Unit filename="../../source/Engine/libwebm/mkvparser.cpp" />
		<Unit filename="../../source/Engine/libwebm/mkvparser.hpp" />
		<Unit filename="../../source/Engine/libwebm/mkvreader.cpp" />
		<Unit filename="../../source/Engine/libwebm/mkvreader.hpp" />
		<Unit filename="../../source/Engine/line.cpp" />
		<Unit filename="../../source/Engine/line.h" />
		<Unit filename="../../source/Engine/loadsave.cpp" />
		<Unit filename="../../source/Engine/loadsave.h" />
		<Unit filename="../../source/Engine/main.cpp" />
		<Unit filename="../../source/Engine/memwatch.cpp" />
		<Unit filename="../../source/Engine/memwatch.h" />
		<Unit filename="../../source/Engine/moreio.cpp" />
		<Unit filename="../../source/Engine/moreio.h" />
		<Unit filename="../../source/Engine/movie.cpp" />
		<Unit filename="../../source/Engine/movie.h" />
		<Unit filename="../../source/Engine/newfatal.cpp" />
		<Unit filename="../../source/Engine/newfatal.h" />
		<Unit filename="../../source/Engine/objtypes.cpp" />
		<Unit filename="../../source/Engine/objtypes.h" />
		<Unit filename="../../source/Engine/people.cpp" />
		<Unit filename="../../source/Engine/people.h" />
		<Unit filename="../../source/Engine/region.cpp" />
		<Unit filename="../../source/Engine/region.h" />
		<Unit filename="../../source/Engine/savedata.cpp" />
		<Unit filename="../../source/Engine/savedata.h" />
		<Unit filename="../../source/Engine/shaders.cpp" />
		<Unit filename="../../source/Engine/shaders.h" />
		<Unit filename="../../source/Engine/sludger.cpp" />
		<Unit filename="../../source/Engine/sludger.h" />
		<Unit filename="../../source/Engine/sound.h" />
		<Unit filename="../../source/Engine/sound_bass.cpp">
			<Option compile="0" />
			<Option link="0" />
			<Option target="&lt;{~None~}&gt;" />
		</Unit>
		<Unit filename="../../source/Engine/sound_nosound.cpp">
			<Option compile="0" />
			<Option link="0" />
			<Option target="&lt;{~None~}&gt;" />
		</Unit>
		<Unit filename="../../source/Engine/sound_openal.cpp" />
		<Unit filename="../../source/Engine/sprbanks.cpp" />
		<Unit filename="../../source/Engine/sprbanks.h" />
		<Unit filename="../../source/Engine/sprites.cpp" />
		<Unit filename="../../source/Engine/sprites.h" />
		<Unit filename="../../source/Engine/statusba.cpp" />
		<Unit filename="../../source/Engine/statusba.h" />
		<Unit filename="../../source/Engine/stringy.cpp" />
		<Unit filename="../../source/Engine/stringy.h" />
		<Unit filename="../../source/Engine/talk.cpp" />
		<Unit filename="../../source/Engine/talk.h" />
		<Unit filename="../../source/Engine/thumbnail.cpp" />
		<Unit filename="../../source/Engine/thumbnail.h" />
		<Unit filename="../../source/Engine/timing.cpp" />
		<Unit filename="../../source/Engine/timing.h" />
		<Unit filename="../../source/Engine/transition.cpp" />
		<Unit filename="../../source/Engine/transition.h" />
		<Unit filename="../../source/Engine/variable.cpp" />
		<Unit filename="../../source/Engine/variable.h" />
		<Unit filename="../../source/Engine/vid.cpp">
			<Option compile="0" />
			<Option link="0" />
			<Option target="&lt;{~None~}&gt;" />
		</Unit>
		<Unit filename="../../source/Engine/vid.h" />
		<Unit filename="../../source/Engine/winstuff.cpp" />
		<Unit filename="../../source/Engine/winstuff.h" />
		<Unit filename="../../source/Engine/zbuffer.cpp" />
		<Unit filename="../../source/Engine/zbuffer.h" />
		<Extensions>
			<code_completion />
			<debugger />
			<envvars />
		</Extensions>
	</Project>
</CodeBlocks_project_file>
